
Microsoft Visual Studio Solution File, Format Version 12.00
# Visual Studio Version 17
VisualStudioVersion = 17.1.32421.90
MinimumVisualStudioVersion = 10.0.40219.1
Project("{9A19103F-16F7-4668-BE54-9A1E7A4F7556}") = "Pizzeria.API", "Pizzeria.API\Pizzeria.API.csproj", "{75265AA5-9F73-42B3-9641-3F841E93954E}"
EndProject
Project("{9A19103F-16F7-4668-BE54-9A1E7A4F7556}") = "Pizzeria.Domain", "Pizzeria.Domain\Pizzeria.Domain.csproj", "{D43075BC-5B28-42DA-A504-DD5F853E2218}"
EndProject
Project("{9A19103F-16F7-4668-BE54-9A1E7A4F7556}") = "Pizzeria.Persistence", "Pizzeria.Persistence\Pizzeria.Persistence.csproj", "{E5E7C514-1118-452F-9380-E2393967080B}"
EndProject
Project("{2150E333-8FDC-42A3-9474-1A3956D46DE8}") = "API", "API", "{C483E064-C570-40E9-AECE-0765FA8301A8}"
EndProject
Project("{2150E333-8FDC-42A3-9474-1A3956D46DE8}") = "Core", "Core", "{3DEBECC6-6BAE-49CD-8E2D-D16C72A57428}"
EndProject
Project("{2150E333-8FDC-42A3-9474-1A3956D46DE8}") = "Infrastructure", "Infrastructure", "{0C6375B6-3C15-4D56-A777-1F60F0CB8DDA}"
EndProject
Project("{9A19103F-16F7-4668-BE54-9A1E7A4F7556}") = "Application", "Application\Application.csproj", "{338A9A16-ABBD-49E6-94B0-34D61DD35FAE}"
EndProject
Project("{FAE04EC0-301F-11D3-BF4B-00C04F79EFBC}") = "Services", "Services\Services.csproj", "{01B8B2B8-30E5-40BB-9065-BA5EB004DCCA}"
EndProject
Global
	GlobalSection(SolutionConfigurationPlatforms) = preSolution
		Debug|Any CPU = Debug|Any CPU
		Release|Any CPU = Release|Any CPU
	EndGlobalSection
	GlobalSection(ProjectConfigurationPlatforms) = postSolution
		{75265AA5-9F73-42B3-9641-3F841E93954E}.Debug|Any CPU.ActiveCfg = Debug|Any CPU
		{75265AA5-9F73-42B3-9641-3F841E93954E}.Debug|Any CPU.Build.0 = Debug|Any CPU
		{75265AA5-9F73-42B3-9641-3F841E93954E}.Release|Any CPU.ActiveCfg = Release|Any CPU
		{75265AA5-9F73-42B3-9641-3F841E93954E}.Release|Any CPU.Build.0 = Release|Any CPU
		{D43075BC-5B28-42DA-A504-DD5F853E2218}.Debug|Any CPU.ActiveCfg = Debug|Any CPU
		{D43075BC-5B28-42DA-A504-DD5F853E2218}.Debug|Any CPU.Build.0 = Debug|Any CPU
		{D43075BC-5B28-42DA-A504-DD5F853E2218}.Release|Any CPU.ActiveCfg = Release|Any CPU
		{D43075BC-5B28-42DA-A504-DD5F853E2218}.Release|Any CPU.Build.0 = Release|Any CPU
		{E5E7C514-1118-452F-9380-E2393967080B}.Debug|Any CPU.ActiveCfg = Debug|Any CPU
		{E5E7C514-1118-452F-9380-E2393967080B}.Debug|Any CPU.Build.0 = Debug|Any CPU
		{E5E7C514-1118-452F-9380-E2393967080B}.Release|Any CPU.ActiveCfg = Release|Any CPU
		{E5E7C514-1118-452F-9380-E2393967080B}.Release|Any CPU.Build.0 = Release|Any CPU
		{338A9A16-ABBD-49E6-94B0-34D61DD35FAE}.Debug|Any CPU.ActiveCfg = Debug|Any CPU
		{338A9A16-ABBD-49E6-94B0-34D61DD35FAE}.Debug|Any CPU.Build.0 = Debug|Any CPU
		{338A9A16-ABBD-49E6-94B0-34D61DD35FAE}.Release|Any CPU.ActiveCfg = Release|Any CPU
		{338A9A16-ABBD-49E6-94B0-34D61DD35FAE}.Release|Any CPU.Build.0 = Release|Any CPU
		{01B8B2B8-30E5-40BB-9065-BA5EB004DCCA}.Debug|Any CPU.ActiveCfg = Debug|Any CPU
		{01B8B2B8-30E5-40BB-9065-BA5EB004DCCA}.Debug|Any CPU.Build.0 = Debug|Any CPU
		{01B8B2B8-30E5-40BB-9065-BA5EB004DCCA}.Release|Any CPU.ActiveCfg = Release|Any CPU
		{01B8B2B8-30E5-40BB-9065-BA5EB004DCCA}.Release|Any CPU.Build.0 = Release|Any CPU
	EndGlobalSection
	GlobalSection(SolutionProperties) = preSolution
		HideSolutionNode = FALSE
	EndGlobalSection
	GlobalSection(NestedProjects) = preSolution
		{75265AA5-9F73-42B3-9641-3F841E93954E} = {C483E064-C570-40E9-AECE-0765FA8301A8}
		{D43075BC-5B28-42DA-A504-DD5F853E2218} = {3DEBECC6-6BAE-49CD-8E2D-D16C72A57428}
		{E5E7C514-1118-452F-9380-E2393967080B} = {0C6375B6-3C15-4D56-A777-1F60F0CB8DDA}
		{338A9A16-ABBD-49E6-94B0-34D61DD35FAE} = {3DEBECC6-6BAE-49CD-8E2D-D16C72A57428}
		{01B8B2B8-30E5-40BB-9065-BA5EB004DCCA} = {0C6375B6-3C15-4D56-A777-1F60F0CB8DDA}
	EndGlobalSection
	GlobalSection(ExtensibilityGlobals) = postSolution
		SolutionGuid = {A083BE2F-BBD1-45A3-949F-A4555E06C13F}
	EndGlobalSection
EndGlobal
